
Microsoft Visual Studio Solution File, Format Version 12.00
# Visual Studio 15
VisualStudioVersion = 15.0.28307.102
MinimumVisualStudioVersion = 10.0.40219.1
Project("{FAE04EC0-301F-11D3-BF4B-00C04F79EFBC}") = "CUI_Nagendra", "CUI_Nagendra\CUI_Nagendra.csproj", "{BE092221-FF71-4FA0-B251-62B0B56E8023}"
EndProject
Global
	GlobalSection(SolutionConfigurationPlatforms) = preSolution
		Debug|Any CPU = Debug|Any CPU
		Release|Any CPU = Release|Any CPU
	EndGlobalSection
	GlobalSection(ProjectConfigurationPlatforms) = postSolution
		{BE092221-FF71-4FA0-B251-62B0B56E8023}.Debug|Any CPU.ActiveCfg = Debug|Any CPU
		{BE092221-FF71-4FA0-B251-62B0B56E8023}.Debug|Any CPU.Build.0 = Debug|Any CPU
		{BE092221-FF71-4FA0-B251-62B0B56E8023}.Release|Any CPU.ActiveCfg = Release|Any CPU
		{BE092221-FF71-4FA0-B251-62B0B56E8023}.Release|Any CPU.Build.0 = Release|Any CPU
	EndGlobalSection
	GlobalSection(SolutionProperties) = preSolution
		HideSolutionNode = FALSE
	EndGlobalSection
	GlobalSection(ExtensibilityGlobals) = postSolution
		SolutionGuid = {80AC303A-F56D-4D3D-A16A-C6C99B2E6BE2}
	EndGlobalSection
EndGlobal
